
Microsoft Visual Studio Solution File, Format Version 12.00
# Visual Studio Version 17
VisualStudioVersion = 17.8.34525.116
MinimumVisualStudioVersion = 10.0.40219.1
Project("{FAE04EC0-301F-11D3-BF4B-00C04F79EFBC}") = "QuasarWebApi", "QuasarWebApi.csproj", "{5ED80073-CDC4-4828-8F03-15ECBB1AD880}"
EndProject
Global
	GlobalSection(SolutionConfigurationPlatforms) = preSolution
		Debug|Any CPU = Debug|Any CPU
		Release|Any CPU = Release|Any CPU
	EndGlobalSection
	GlobalSection(ProjectConfigurationPlatforms) = postSolution
		{5ED80073-CDC4-4828-8F03-15ECBB1AD880}.Debug|Any CPU.ActiveCfg = Debug|Any CPU
		{5ED80073-CDC4-4828-8F03-15ECBB1AD880}.Debug|Any CPU.Build.0 = Debug|Any CPU
		{5ED80073-CDC4-4828-8F03-15ECBB1AD880}.Release|Any CPU.ActiveCfg = Release|Any CPU
		{5ED80073-CDC4-4828-8F03-15ECBB1AD880}.Release|Any CPU.Build.0 = Release|Any CPU
	EndGlobalSection
	GlobalSection(SolutionProperties) = preSolution
		HideSolutionNode = FALSE
	EndGlobalSection
	GlobalSection(ExtensibilityGlobals) = postSolution
		SolutionGuid = {220E153C-C267-4C22-B241-7DBCA1255B1A}
	EndGlobalSection
EndGlobal
